
Microsoft Visual Studio Solution File, Format Version 12.00
# Visual Studio Version 16
VisualStudioVersion = 16.0.30611.23
MinimumVisualStudioVersion = 10.0.40219.1
Project("{9A19103F-16F7-4668-BE54-9A1E7A4F7556}") = "R3AL", "R3AL\R3AL.csproj", "{73120369-7CB4-4ED4-AE5F-7102586062B8}"
EndProject
Project("{FAE04EC0-301F-11D3-BF4B-00C04F79EFBC}") = "R3AL.Core", "R3AL.Api\R3AL.Core.csproj", "{1E5A76B1-B4A2-4E51-A68B-BE5778DEC040}"
EndProject
Project("{FAE04EC0-301F-11D3-BF4B-00C04F79EFBC}") = "R3AL.Data", "R3AL.Data\R3AL.Data.csproj", "{48E4BF1B-B2E6-4434-A1B6-B1780CF21CDB}"
EndProject
Global
	GlobalSection(SolutionConfigurationPlatforms) = preSolution
		Debug|Any CPU = Debug|Any CPU
		Release|Any CPU = Release|Any CPU
	EndGlobalSection
	GlobalSection(ProjectConfigurationPlatforms) = postSolution
		{73120369-7CB4-4ED4-AE5F-7102586062B8}.Debug|Any CPU.ActiveCfg = Debug|Any CPU
		{73120369-7CB4-4ED4-AE5F-7102586062B8}.Debug|Any CPU.Build.0 = Debug|Any CPU
		{73120369-7CB4-4ED4-AE5F-7102586062B8}.Release|Any CPU.ActiveCfg = Release|Any CPU
		{73120369-7CB4-4ED4-AE5F-7102586062B8}.Release|Any CPU.Build.0 = Release|Any CPU
		{1E5A76B1-B4A2-4E51-A68B-BE5778DEC040}.Debug|Any CPU.ActiveCfg = Debug|Any CPU
		{1E5A76B1-B4A2-4E51-A68B-BE5778DEC040}.Debug|Any CPU.Build.0 = Debug|Any CPU
		{1E5A76B1-B4A2-4E51-A68B-BE5778DEC040}.Release|Any CPU.ActiveCfg = Release|Any CPU
		{1E5A76B1-B4A2-4E51-A68B-BE5778DEC040}.Release|Any CPU.Build.0 = Release|Any CPU
		{48E4BF1B-B2E6-4434-A1B6-B1780CF21CDB}.Debug|Any CPU.ActiveCfg = Debug|Any CPU
		{48E4BF1B-B2E6-4434-A1B6-B1780CF21CDB}.Debug|Any CPU.Build.0 = Debug|Any CPU
		{48E4BF1B-B2E6-4434-A1B6-B1780CF21CDB}.Release|Any CPU.ActiveCfg = Release|Any CPU
		{48E4BF1B-B2E6-4434-A1B6-B1780CF21CDB}.Release|Any CPU.Build.0 = Release|Any CPU
	EndGlobalSection
	GlobalSection(SolutionProperties) = preSolution
		HideSolutionNode = FALSE
	EndGlobalSection
	GlobalSection(ExtensibilityGlobals) = postSolution
		SolutionGuid = {959A796B-67BC-4E30-B166-9BDBD3391D3B}
	EndGlobalSection
EndGlobal
